
Microsoft Visual Studio Solution File, Format Version 12.00
# Visual Studio Version 17
VisualStudioVersion = 17.13.35919.96 d17.13
MinimumVisualStudioVersion = 10.0.40219.1
Project("{FAE04EC0-301F-11D3-BF4B-00C04F79EFBC}") = "PropertiesInterface", "PropertiesInterface\PropertiesInterface.csproj", "{DAF80285-07FB-440E-9024-4ECB9B928039}"
EndProject
Global
	GlobalSection(SolutionConfigurationPlatforms) = preSolution
		Debug|Any CPU = Debug|Any CPU
		Release|Any CPU = Release|Any CPU
	EndGlobalSection
	GlobalSection(ProjectConfigurationPlatforms) = postSolution
		{DAF80285-07FB-440E-9024-4ECB9B928039}.Debug|Any CPU.ActiveCfg = Debug|Any CPU
		{DAF80285-07FB-440E-9024-4ECB9B928039}.Debug|Any CPU.Build.0 = Debug|Any CPU
		{DAF80285-07FB-440E-9024-4ECB9B928039}.Release|Any CPU.ActiveCfg = Release|Any CPU
		{DAF80285-07FB-440E-9024-4ECB9B928039}.Release|Any CPU.Build.0 = Release|Any CPU
	EndGlobalSection
	GlobalSection(SolutionProperties) = preSolution
		HideSolutionNode = FALSE
	EndGlobalSection
	GlobalSection(ExtensibilityGlobals) = postSolution
		SolutionGuid = {B0D0C4E8-DCEC-4DED-AEDE-53051D298FEF}
	EndGlobalSection
EndGlobal
